# This file is automatically @generated by Cargo.
# It is not intended for manual editing.
version = 3

[[package]]
name = "pfp-exif"
version = "0.1.0"

[[package]]
name = "pfp-photos"
version = "0.1.0"

[[package]]
name = "pfp-state"
version = "0.1.0"

[[package]]
name = "pfp-tiles"
version = "0.1.0"

[[package]]
name = "photo-foot-print"
version = "0.1.0"
